
Microsoft Visual Studio Solution File, Format Version 11.00
# Visual C++ Express 2010
Project("{8BC9CEB8-8B4A-11D0-8D11-00A0C91BC942}") = "AI_prog1", "AI_prog1\AI_prog1.vcxproj", "{167DA233-95FA-42DA-86B5-A037FAD49788}"
EndProject
Global
	GlobalSection(SolutionConfigurationPlatforms) = preSolution
		Debug|Win32 = Debug|Win32
		Release|Win32 = Release|Win32
	EndGlobalSection
	GlobalSection(ProjectConfigurationPlatforms) = postSolution
		{167DA233-95FA-42DA-86B5-A037FAD49788}.Debug|Win32.ActiveCfg = Debug|Win32
		{167DA233-95FA-42DA-86B5-A037FAD49788}.Debug|Win32.Build.0 = Debug|Win32
		{167DA233-95FA-42DA-86B5-A037FAD49788}.Release|Win32.ActiveCfg = Release|Win32
		{167DA233-95FA-42DA-86B5-A037FAD49788}.Release|Win32.Build.0 = Release|Win32
	EndGlobalSection
	GlobalSection(SolutionProperties) = preSolution
		HideSolutionNode = FALSE
	EndGlobalSection
EndGlobal
